
Microsoft Visual Studio Solution File, Format Version 12.00
# Visual Studio Version 17
VisualStudioVersion = 17.12.35707.178 d17.12
MinimumVisualStudioVersion = 10.0.40219.1
Project("{FAE04EC0-301F-11D3-BF4B-00C04F79EFBC}") = "Settings Ui App", "Settings Ui App\Settings Ui App.csproj", "{AFD38716-5351-4A08-952B-B9DA35DBFA5A}"
EndProject
Global
	GlobalSection(SolutionConfigurationPlatforms) = preSolution
		Debug|Any CPU = Debug|Any CPU
		Release|Any CPU = Release|Any CPU
	EndGlobalSection
	GlobalSection(ProjectConfigurationPlatforms) = postSolution
		{AFD38716-5351-4A08-952B-B9DA35DBFA5A}.Debug|Any CPU.ActiveCfg = Debug|Any CPU
		{AFD38716-5351-4A08-952B-B9DA35DBFA5A}.Debug|Any CPU.Build.0 = Debug|Any CPU
		{AFD38716-5351-4A08-952B-B9DA35DBFA5A}.Release|Any CPU.ActiveCfg = Release|Any CPU
		{AFD38716-5351-4A08-952B-B9DA35DBFA5A}.Release|Any CPU.Build.0 = Release|Any CPU
	EndGlobalSection
	GlobalSection(SolutionProperties) = preSolution
		HideSolutionNode = FALSE
	EndGlobalSection
EndGlobal
